// !$*UTF8*$!
{
	archiveVersion = 1;
	classes = {
	};
	objectVersion = 56;
	objects = {

/* Begin PBXBuildFile section */
		9185EFD729725EA700CED8BC /* TickTackToeApp.swift in Sources */ = {isa = PBXBuildFile; fileRef = 9185EFD629725EA700CED8BC /* TickTackToeApp.swift */; };
		9185EFD929725EA700CED8BC /* ContentView.swift in Sources */ = {isa = PBXBuildFile; fileRef = 9185EFD829725EA700CED8BC /* ContentView.swift */; };
		9185EFDB29725EA800CED8BC /* Assets.xcassets in Resources */ = {isa = PBXBuildFile; fileRef = 9185EFDA29725EA800CED8BC /* Assets.xcassets */; };
		9185EFDE29725EA800CED8BC /* Preview Assets.xcassets in Resources */ = {isa = PBXBuildFile; fileRef = 9185EFDD29725EA800CED8BC /* Preview Assets.xcassets */; };
		9185EFE829725EA800CED8BC /* TickTackToeTests.swift in Sources */ = {isa = PBXBuildFile; fileRef = 9185EFE729725EA800CED8BC /* TickTackToeTests.swift */; };
		9185EFF229725EA800CED8BC /* TickTackToeUITests.swift in Sources */ = {isa = PBXBuildFile; fileRef = 9185EFF129725EA800CED8BC /* TickTackToeUITests.swift */; };
		9185EFF429725EA800CED8BC /* TickTackToeUITestsLaunchTests.swift in Sources */ = {isa = PBXBuildFile; fileRef = 9185EFF329725EA800CED8BC /* TickTackToeUITestsLaunchTests.swift */; };
		9185F0012972872D00CED8BC /* SwiftView.swift in Sources */ = {isa = PBXBuildFile; fileRef = 9185F0002972872D00CED8BC /* SwiftView.swift */; };
		9185F003297287AB00CED8BC /* TickyTackityToe.swift in Sources */ = {isa = PBXBuildFile; fileRef = 9185F002297287AB00CED8BC /* TickyTackityToe.swift */; };
/* End PBXBuildFile section */

/* Begin PBXContainerItemProxy section */
		9185EFE429725EA800CED8BC /* PBXContainerItemProxy */ = {
			isa = PBXContainerItemProxy;
			containerPortal = 9185EFCB29725EA700CED8BC /* Project object */;
			proxyType = 1;
			remoteGlobalIDString = 9185EFD229725EA700CED8BC;
			remoteInfo = TickTackToe;
		};
		9185EFEE29725EA800CED8BC /* PBXContainerItemProxy */ = {
			isa = PBXContainerItemProxy;
			containerPortal = 9185EFCB29725EA700CED8BC /* Project object */;
			proxyType = 1;
			remoteGlobalIDString = 9185EFD229725EA700CED8BC;
			remoteInfo = TickTackToe;
		};
/* End PBXContainerItemProxy section */

/* Begin PBXFileReference section */
		9185EFD329725EA700CED8BC /* TickTackToe.app */ = {isa = PBXFileReference; explicitFileType = wrapper.application; includeInIndex = 0; path = TickTackToe.app; sourceTree = BUILT_PRODUCTS_DIR; };
		9185EFD629725EA700CED8BC /* TickTackToeApp.swift */ = {isa = PBXFileReference; lastKnownFileType = sourcecode.swift; path = TickTackToeApp.swift; sourceTree = "<group>"; };
		9185EFD829725EA700CED8BC /* ContentView.swift */ = {isa = PBXFileReference; lastKnownFileType = sourcecode.swift; path = ContentView.swift; sourceTree = "<group>"; };
		9185EFDA29725EA800CED8BC /* Assets.xcassets */ = {isa = PBXFileReference; lastKnownFileType = folder.assetcatalog; path = Assets.xcassets; sourceTree = "<group>"; };
		9185EFDD29725EA800CED8BC /* Preview Assets.xcassets */ = {isa = PBXFileReference; lastKnownFileType = folder.assetcatalog; path = "Preview Assets.xcassets"; sourceTree = "<group>"; };
		9185EFE329725EA800CED8BC /* TickTackToeTests.xctest */ = {isa = PBXFileReference; explicitFileType = wrapper.cfbundle; includeInIndex = 0; path = TickTackToeTests.xctest; sourceTree = BUILT_PRODUCTS_DIR; };
		9185EFE729725EA800CED8BC /* TickTackToeTests.swift */ = {isa = PBXFileReference; lastKnownFileType = sourcecode.swift; path = TickTackToeTests.swift; sourceTree = "<group>"; };
		9185EFED29725EA800CED8BC /* TickTackToeUITests.xctest */ = {isa = PBXFileReference; explicitFileType = wrapper.cfbundle; includeInIndex = 0; path = TickTackToeUITests.xctest; sourceTree = BUILT_PRODUCTS_DIR; };
		9185EFF129725EA800CED8BC /* TickTackToeUITests.swift */ = {isa = PBXFileReference; lastKnownFileType = sourcecode.swift; path = TickTackToeUITests.swift; sourceTree = "<group>"; };
		9185EFF329725EA800CED8BC /* TickTackToeUITestsLaunchTests.swift */ = {isa = PBXFileReference; lastKnownFileType = sourcecode.swift; path = TickTackToeUITestsLaunchTests.swift; sourceTree = "<group>"; };
		9185F0002972872D00CED8BC /* SwiftView.swift */ = {isa = PBXFileReference; lastKnownFileType = sourcecode.swift; path = SwiftView.swift; sourceTree = "<group>"; };
		9185F002297287AB00CED8BC /* TickyTackityToe.swift */ = {isa = PBXFileReference; lastKnownFileType = sourcecode.swift; path = TickyTackityToe.swift; sourceTree = "<group>"; };
/* End PBXFileReference section */

/* Begin PBXFrameworksBuildPhase section */
		9185EFD029725EA700CED8BC /* Frameworks */ = {
			isa = PBXFrameworksBuildPhase;
			buildActionMask = 2147483647;
			files = (
			);
			runOnlyForDeploymentPostprocessing = 0;
		};
		9185EFE029725EA800CED8BC /* Frameworks */ = {
			isa = PBXFrameworksBuildPhase;
			buildActionMask = 2147483647;
			files = (
			);
			runOnlyForDeploymentPostprocessing = 0;
		};
		9185EFEA29725EA800CED8BC /* Frameworks */ = {
			isa = PBXFrameworksBuildPhase;
			buildActionMask = 2147483647;
			files = (
			);
			runOnlyForDeploymentPostprocessing = 0;
		};
/* End PBXFrameworksBuildPhase section */

/* Begin PBXGroup section */
		9185EFCA29725EA700CED8BC = {
			isa = PBXGroup;
			children = (
				9185EFD529725EA700CED8BC /* TickTackToe */,
				9185EFE629725EA800CED8BC /* TickTackToeTests */,
				9185EFF029725EA800CED8BC /* TickTackToeUITests */,
				9185EFD429725EA700CED8BC /* Products */,
			);
			sourceTree = "<group>";
		};
		9185EFD429725EA700CED8BC /* Products */ = {
			isa = PBXGroup;
			children = (
				9185EFD329725EA700CED8BC /* TickTackToe.app */,
				9185EFE329725EA800CED8BC /* TickTackToeTests.xctest */,
				9185EFED29725EA800CED8BC /* TickTackToeUITests.xctest */,
			);
			name = Products;
			sourceTree = "<group>";
		};
		9185EFD529725EA700CED8BC /* TickTackToe */ = {
			isa = PBXGroup;
			children = (
				9185EFD629725EA700CED8BC /* TickTackToeApp.swift */,
				9185F0002972872D00CED8BC /* SwiftView.swift */,
				9185F002297287AB00CED8BC /* TickyTackityToe.swift */,
				9185EFD829725EA700CED8BC /* ContentView.swift */,
				9185EFDA29725EA800CED8BC /* Assets.xcassets */,
				9185EFDC29725EA800CED8BC /* Preview Content */,
			);
			path = TickTackToe;
			sourceTree = "<group>";
		};
		9185EFDC29725EA800CED8BC /* Preview Content */ = {
			isa = PBXGroup;
			children = (
				9185EFDD29725EA800CED8BC /* Preview Assets.xcassets */,
			);
			path = "Preview Content";
			sourceTree = "<group>";
		};
		9185EFE629725EA800CED8BC /* TickTackToeTests */ = {
			isa = PBXGroup;
			children = (
				9185EFE729725EA800CED8BC /* TickTackToeTests.swift */,
			);
			path = TickTackToeTests;
			sourceTree = "<group>";
		};
		9185EFF029725EA800CED8BC /* TickTackToeUITests */ = {
			isa = PBXGroup;
			children = (
				9185EFF129725EA800CED8BC /* TickTackToeUITests.swift */,
				9185EFF329725EA800CED8BC /* TickTackToeUITestsLaunchTests.swift */,
			);
			path = TickTackToeUITests;
			sourceTree = "<group>";
		};
/* End PBXGroup section */

/* Begin PBXNativeTarget section */
		9185EFD229725EA700CED8BC /* TickTackToe */ = {
			isa = PBXNativeTarget;
			buildConfigurationList = 9185EFF729725EA800CED8BC /* Build configuration list for PBXNativeTarget "TickTackToe" */;
			buildPhases = (
				9185EFCF29725EA700CED8BC /* Sources */,
				9185EFD029725EA700CED8BC /* Frameworks */,
				9185EFD129725EA700CED8BC /* Resources */,
			);
			buildRules = (
			);
			dependencies = (
			);
			name = TickTackToe;
			productName = TickTackToe;
			productReference = 9185EFD329725EA700CED8BC /* TickTackToe.app */;
			productType = "com.apple.product-type.application";
		};
		9185EFE229725EA800CED8BC /* TickTackToeTests */ = {
			isa = PBXNativeTarget;
			buildConfigurationList = 9185EFFA29725EA800CED8BC /* Build configuration list for PBXNativeTarget "TickTackToeTests" */;
			buildPhases = (
				9185EFDF29725EA800CED8BC /* Sources */,
				9185EFE029725EA800CED8BC /* Frameworks */,
				9185EFE129725EA800CED8BC /* Resources */,
			);
			buildRules = (
			);
			dependencies = (
				9185EFE529725EA800CED8BC /* PBXTargetDependency */,
			);
			name = TickTackToeTests;
			productName = TickTackToeTests;
			productReference = 9185EFE329725EA800CED8BC /* TickTackToeTests.xctest */;
			productType = "com.apple.product-type.bundle.unit-test";
		};
		9185EFEC29725EA800CED8BC /* TickTackToeUITests */ = {
			isa = PBXNativeTarget;
			buildConfigurationList = 9185EFFD29725EA800CED8BC /* Build configuration list for PBXNativeTarget "TickTackToeUITests" */;
			buildPhases = (
				9185EFE929725EA800CED8BC /* Sources */,
				9185EFEA29725EA800CED8BC /* Frameworks */,
				9185EFEB29725EA800CED8BC /* Resources */,
			);
			buildRules = (
			);
			dependencies = (
				9185EFEF29725EA800CED8BC /* PBXTargetDependency */,
			);
			name = TickTackToeUITests;
			productName = TickTackToeUITests;
			productReference = 9185EFED29725EA800CED8BC /* TickTackToeUITests.xctest */;
			productType = "com.apple.product-type.bundle.ui-testing";
		};
/* End PBXNativeTarget section */

/* Begin PBXProject section */
		9185EFCB29725EA700CED8BC /* Project object */ = {
			isa = PBXProject;
			attributes = {
				BuildIndependentTargetsInParallel = 1;
				LastSwiftUpdateCheck = 1410;
				LastUpgradeCheck = 1410;
				TargetAttributes = {
					9185EFD229725EA700CED8BC = {
						CreatedOnToolsVersion = 14.1;
					};
					9185EFE229725EA800CED8BC = {
						CreatedOnToolsVersion = 14.1;
						TestTargetID = 9185EFD229725EA700CED8BC;
					};
					9185EFEC29725EA800CED8BC = {
						CreatedOnToolsVersion = 14.1;
						TestTargetID = 9185EFD229725EA700CED8BC;
					};
				};
			};
			buildConfigurationList = 9185EFCE29725EA700CED8BC /* Build configuration list for PBXProject "TickTackToe" */;
			compatibilityVersion = "Xcode 14.0";
			developmentRegion = en;
			hasScannedForEncodings = 0;
			knownRegions = (
				en,
				Base,
			);
			mainGroup = 9185EFCA29725EA700CED8BC;
			productRefGroup = 9185EFD429725EA700CED8BC /* Products */;
			projectDirPath = "";
			projectRoot = "";
			targets = (
				9185EFD229725EA700CED8BC /* TickTackToe */,
				9185EFE229725EA800CED8BC /* TickTackToeTests */,
				9185EFEC29725EA800CED8BC /* TickTackToeUITests */,
			);
		};
/* End PBXProject section */

/* Begin PBXResourcesBuildPhase section */
		9185EFD129725EA700CED8BC /* Resources */ = {
			isa = PBXResourcesBuildPhase;
			buildActionMask = 2147483647;
			files = (
				9185EFDE29725EA800CED8BC /* Preview Assets.xcassets in Resources */,
				9185EFDB29725EA800CED8BC /* Assets.xcassets in Resources */,
			);
			runOnlyForDeploymentPostprocessing = 0;
		};
		9185EFE129725EA800CED8BC /* Resources */ = {
			isa = PBXResourcesBuildPhase;
			buildActionMask = 2147483647;
			files = (
			);
			runOnlyForDeploymentPostprocessing = 0;
		};
		9185EFEB29725EA800CED8BC /* Resources */ = {
			isa = PBXResourcesBuildPhase;
			buildActionMask = 2147483647;
			files = (
			);
			runOnlyForDeploymentPostprocessing = 0;
		};
/* End PBXResourcesBuildPhase section */

/* Begin PBXSourcesBuildPhase section */
		9185EFCF29725EA700CED8BC /* Sources */ = {
			isa = PBXSourcesBuildPhase;
			buildActionMask = 2147483647;
			files = (
				9185F0012972872D00CED8BC /* SwiftView.swift in Sources */,
				9185F003297287AB00CED8BC /* TickyTackityToe.swift in Sources */,
				9185EFD929725EA700CED8BC /* ContentView.swift in Sources */,
				9185EFD729725EA700CED8BC /* TickTackToeApp.swift in Sources */,
			);
			runOnlyForDeploymentPostprocessing = 0;
		};
		9185EFDF29725EA800CED8BC /* Sources */ = {
			isa = PBXSourcesBuildPhase;
			buildActionMask = 2147483647;
			files = (
				9185EFE829725EA800CED8BC /* TickTackToeTests.swift in Sources */,
			);
			runOnlyForDeploymentPostprocessing = 0;
		};
		9185EFE929725EA800CED8BC /* Sources */ = {
			isa = PBXSourcesBuildPhase;
			buildActionMask = 2147483647;
			files = (
				9185EFF229725EA800CED8BC /* TickTackToeUITests.swift in Sources */,
				9185EFF429725EA800CED8BC /* TickTackToeUITestsLaunchTests.swift in Sources */,
			);
			runOnlyForDeploymentPostprocessing = 0;
		};
/* End PBXSourcesBuildPhase section */

/* Begin PBXTargetDependency section */
		9185EFE529725EA800CED8BC /* PBXTargetDependency */ = {
			isa = PBXTargetDependency;
			target = 9185EFD229725EA700CED8BC /* TickTackToe */;
			targetProxy = 9185EFE429725EA800CED8BC /* PBXContainerItemProxy */;
		};
		9185EFEF29725EA800CED8BC /* PBXTargetDependency */ = {
			isa = PBXTargetDependency;
			target = 9185EFD229725EA700CED8BC /* TickTackToe */;
			targetProxy = 9185EFEE29725EA800CED8BC /* PBXContainerItemProxy */;
		};
/* End PBXTargetDependency section */

/* Begin XCBuildConfiguration section */
		9185EFF529725EA800CED8BC /* Debug */ = {
			isa = XCBuildConfiguration;
			buildSettings = {
				ALWAYS_SEARCH_USER_PATHS = NO;
				CLANG_ANALYZER_NONNULL = YES;
				CLANG_ANALYZER_NUMBER_OBJECT_CONVERSION = YES_AGGRESSIVE;
				CLANG_CXX_LANGUAGE_STANDARD = "gnu++20";
				CLANG_ENABLE_MODULES = YES;
				CLANG_ENABLE_OBJC_ARC = YES;
				CLANG_ENABLE_OBJC_WEAK = YES;
				CLANG_WARN_BLOCK_CAPTURE_AUTORELEASING = YES;
				CLANG_WARN_BOOL_CONVERSION = YES;
				CLANG_WARN_COMMA = YES;
				CLANG_WARN_CONSTANT_CONVERSION = YES;
				CLANG_WARN_DEPRECATED_OBJC_IMPLEMENTATIONS = YES;
				CLANG_WARN_DIRECT_OBJC_ISA_USAGE = YES_ERROR;
				CLANG_WARN_DOCUMENTATION_COMMENTS = YES;
				CLANG_WARN_EMPTY_BODY = YES;
				CLANG_WARN_ENUM_CONVERSION = YES;
				CLANG_WARN_INFINITE_RECURSION = YES;
				CLANG_WARN_INT_CONVERSION = YES;
				CLANG_WARN_NON_LITERAL_NULL_CONVERSION = YES;
				CLANG_WARN_OBJC_IMPLICIT_RETAIN_SELF = YES;
				CLANG_WARN_OBJC_LITERAL_CONVERSION = YES;
				CLANG_WARN_OBJC_ROOT_CLASS = YES_ERROR;
				CLANG_WARN_QUOTED_INCLUDE_IN_FRAMEWORK_HEADER = YES;
				CLANG_WARN_RANGE_LOOP_ANALYSIS = YES;
				CLANG_WARN_STRICT_PROTOTYPES = YES;
				CLANG_WARN_SUSPICIOUS_MOVE = YES;
				CLANG_WARN_UNGUARDED_AVAILABILITY = YES_AGGRESSIVE;
				CLANG_WARN_UNREACHABLE_CODE = YES;
				CLANG_WARN__DUPLICATE_METHOD_MATCH = YES;
				COPY_PHASE_STRIP = NO;
				DEBUG_INFORMATION_FORMAT = dwarf;
				ENABLE_STRICT_OBJC_MSGSEND = YES;
				ENABLE_TESTABILITY = YES;
				GCC_C_LANGUAGE_STANDARD = gnu11;
				GCC_DYNAMIC_NO_PIC = NO;
				GCC_NO_COMMON_BLOCKS = YES;
				GCC_OPTIMIZATION_LEVEL = 0;
				GCC_PREPROCESSOR_DEFINITIONS = (
					"DEBUG=1",
					"$(inherited)",
				);
				GCC_WARN_64_TO_32_BIT_CONVERSION = YES;
				GCC_WARN_ABOUT_RETURN_TYPE = YES_ERROR;
				GCC_WARN_UNDECLARED_SELECTOR = YES;
				GCC_WARN_UNINITIALIZED_AUTOS = YES_AGGRESSIVE;
				GCC_WARN_UNUSED_FUNCTION = YES;
				GCC_WARN_UNUSED_VARIABLE = YES;
				IPHONEOS_DEPLOYMENT_TARGET = 16.1;
				MTL_ENABLE_DEBUG_INFO = INCLUDE_SOURCE;
				MTL_FAST_MATH = YES;
				ONLY_ACTIVE_ARCH = YES;
				SDKROOT = iphoneos;
				SWIFT_ACTIVE_COMPILATION_CONDITIONS = DEBUG;
				SWIFT_OPTIMIZATION_LEVEL = "-Onone";
			};
			name = Debug;
		};
		9185EFF629725EA800CED8BC /* Release */ = {
			isa = XCBuildConfiguration;
			buildSettings = {
				ALWAYS_SEARCH_USER_PATHS = NO;
				CLANG_ANALYZER_NONNULL = YES;
				CLANG_ANALYZER_NUMBER_OBJECT_CONVERSION = YES_AGGRESSIVE;
				CLANG_CXX_LANGUAGE_STANDARD = "gnu++20";
				CLANG_ENABLE_MODULES = YES;
				CLANG_ENABLE_OBJC_ARC = YES;
				CLANG_ENABLE_OBJC_WEAK = YES;
				CLANG_WARN_BLOCK_CAPTURE_AUTORELEASING = YES;
				CLANG_WARN_BOOL_CONVERSION = YES;
				CLANG_WARN_COMMA = YES;
				CLANG_WARN_CONSTANT_CONVERSION = YES;
				CLANG_WARN_DEPRECATED_OBJC_IMPLEMENTATIONS = YES;
				CLANG_WARN_DIRECT_OBJC_ISA_USAGE = YES_ERROR;
				CLANG_WARN_DOCUMENTATION_COMMENTS = YES;
				CLANG_WARN_EMPTY_BODY = YES;
				CLANG_WARN_ENUM_CONVERSION = YES;
				CLANG_WARN_INFINITE_RECURSION = YES;
				CLANG_WARN_INT_CONVERSION = YES;
				CLANG_WARN_NON_LITERAL_NULL_CONVERSION = YES;
				CLANG_WARN_OBJC_IMPLICIT_RETAIN_SELF = YES;
				CLANG_WARN_OBJC_LITERAL_CONVERSION = YES;
				CLANG_WARN_OBJC_ROOT_CLASS = YES_ERROR;
				CLANG_WARN_QUOTED_INCLUDE_IN_FRAMEWORK_HEADER = YES;
				CLANG_WARN_RANGE_LOOP_ANALYSIS = YES;
				CLANG_WARN_STRICT_PROTOTYPES = YES;
				CLANG_WARN_SUSPICIOUS_MOVE = YES;
				CLANG_WARN_UNGUARDED_AVAILABILITY = YES_AGGRESSIVE;
				CLANG_WARN_UNREACHABLE_CODE = YES;
				CLANG_WARN__DUPLICATE_METHOD_MATCH = YES;
				COPY_PHASE_STRIP = NO;
				DEBUG_INFORMATION_FORMAT = "dwarf-with-dsym";
				ENABLE_NS_ASSERTIONS = NO;
				ENABLE_STRICT_OBJC_MSGSEND = YES;
				GCC_C_LANGUAGE_STANDARD = gnu11;
				GCC_NO_COMMON_BLOCKS = YES;
				GCC_WARN_64_TO_32_BIT_CONVERSION = YES;
				GCC_WARN_ABOUT_RETURN_TYPE = YES_ERROR;
				GCC_WARN_UNDECLARED_SELECTOR = YES;
				GCC_WARN_UNINITIALIZED_AUTOS = YES_AGGRESSIVE;
				GCC_WARN_UNUSED_FUNCTION = YES;
				GCC_WARN_UNUSED_VARIABLE = YES;
				IPHONEOS_DEPLOYMENT_TARGET = 16.1;
				MTL_ENABLE_DEBUG_INFO = NO;
				MTL_FAST_MATH = YES;
				SDKROOT = iphoneos;
				SWIFT_COMPILATION_MODE = wholemodule;
				SWIFT_OPTIMIZATION_LEVEL = "-O";
				VALIDATE_PRODUCT = YES;
			};
			name = Release;
		};
		9185EFF829725EA800CED8BC /* Debug */ = {
			isa = XCBuildConfiguration;
			buildSettings = {
				ASSETCATALOG_COMPILER_APPICON_NAME = AppIcon;
				ASSETCATALOG_COMPILER_GLOBAL_ACCENT_COLOR_NAME = AccentColor;
				CODE_SIGN_STYLE = Automatic;
				CURRENT_PROJECT_VERSION = 1;
				DEVELOPMENT_ASSET_PATHS = "\"TickTackToe/Preview Content\"";
				DEVELOPMENT_TEAM = ZV2Y3YXT8U;
				ENABLE_PREVIEWS = YES;
				GENERATE_INFOPLIST_FILE = YES;
				INFOPLIST_KEY_UIApplicationSceneManifest_Generation = YES;
				INFOPLIST_KEY_UIApplicationSupportsIndirectInputEvents = YES;
				INFOPLIST_KEY_UILaunchScreen_Generation = YES;
				INFOPLIST_KEY_UISupportedInterfaceOrientations_iPad = "UIInterfaceOrientationPortrait UIInterfaceOrientationPortraitUpsideDown UIInterfaceOrientationLandscapeLeft UIInterfaceOrientationLandscapeRight";
				INFOPLIST_KEY_UISupportedInterfaceOrientations_iPhone = "UIInterfaceOrientationPortrait UIInterfaceOrientationLandscapeLeft UIInterfaceOrientationLandscapeRight";
				LD_RUNPATH_SEARCH_PATHS = (
					"$(inherited)",
					"@executable_path/Frameworks",
				);
				MARKETING_VERSION = 1.0;
				PRODUCT_BUNDLE_IDENTIFIER = XLRA.TickTackToe;
				PRODUCT_NAME = "$(TARGET_NAME)";
				SWIFT_EMIT_LOC_STRINGS = YES;
				SWIFT_VERSION = 5.0;
				TARGETED_DEVICE_FAMILY = "1,2";
			};
			name = Debug;
		};
		9185EFF929725EA800CED8BC /* Release */ = {
			isa = XCBuildConfiguration;
			buildSettings = {
				ASSETCATALOG_COMPILER_APPICON_NAME = AppIcon;
				ASSETCATALOG_COMPILER_GLOBAL_ACCENT_COLOR_NAME = AccentColor;
				CODE_SIGN_STYLE = Automatic;
				CURRENT_PROJECT_VERSION = 1;
				DEVELOPMENT_ASSET_PATHS = "\"TickTackToe/Preview Content\"";
				DEVELOPMENT_TEAM = ZV2Y3YXT8U;
				ENABLE_PREVIEWS = YES;
				GENERATE_INFOPLIST_FILE = YES;
				INFOPLIST_KEY_UIApplicationSceneManifest_Generation = YES;
				INFOPLIST_KEY_UIApplicationSupportsIndirectInputEvents = YES;
				INFOPLIST_KEY_UILaunchScreen_Generation = YES;
				INFOPLIST_KEY_UISupportedInterfaceOrientations_iPad = "UIInterfaceOrientationPortrait UIInterfaceOrientationPortraitUpsideDown UIInterfaceOrientationLandscapeLeft UIInterfaceOrientationLandscapeRight";
				INFOPLIST_KEY_UISupportedInterfaceOrientations_iPhone = "UIInterfaceOrientationPortrait UIInterfaceOrientationLandscapeLeft UIInterfaceOrientationLandscapeRight";
				LD_RUNPATH_SEARCH_PATHS = (
					"$(inherited)",
					"@executable_path/Frameworks",
				);
				MARKETING_VERSION = 1.0;
				PRODUCT_BUNDLE_IDENTIFIER = XLRA.TickTackToe;
				PRODUCT_NAME = "$(TARGET_NAME)";
				SWIFT_EMIT_LOC_STRINGS = YES;
				SWIFT_VERSION = 5.0;
				TARGETED_DEVICE_FAMILY = "1,2";
			};
			name = Release;
		};
		9185EFFB29725EA800CED8BC /* Debug */ = {
			isa = XCBuildConfiguration;
			buildSettings = {
				ALWAYS_EMBED_SWIFT_STANDARD_LIBRARIES = YES;
				BUNDLE_LOADER = "$(TEST_HOST)";
				CODE_SIGN_STYLE = Automatic;
				CURRENT_PROJECT_VERSION = 1;
				DEVELOPMENT_TEAM = ZV2Y3YXT8U;
				GENERATE_INFOPLIST_FILE = YES;
				IPHONEOS_DEPLOYMENT_TARGET = 16.1;
				MARKETING_VERSION = 1.0;
				PRODUCT_BUNDLE_IDENTIFIER = XLRA.TickTackToeTests;
				PRODUCT_NAME = "$(TARGET_NAME)";
				SWIFT_EMIT_LOC_STRINGS = NO;
				SWIFT_VERSION = 5.0;
				TARGETED_DEVICE_FAMILY = "1,2";
				TEST_HOST = "$(BUILT_PRODUCTS_DIR)/TickTackToe.app/$(BUNDLE_EXECUTABLE_FOLDER_PATH)/TickTackToe";
			};
			name = Debug;
		};
		9185EFFC29725EA800CED8BC /* Release */ = {
			isa = XCBuildConfiguration;
			buildSettings = {
				ALWAYS_EMBED_SWIFT_STANDARD_LIBRARIES = YES;
				BUNDLE_LOADER = "$(TEST_HOST)";
				CODE_SIGN_STYLE = Automatic;
				CURRENT_PROJECT_VERSION = 1;
				DEVELOPMENT_TEAM = ZV2Y3YXT8U;
				GENERATE_INFOPLIST_FILE = YES;
				IPHONEOS_DEPLOYMENT_TARGET = 16.1;
				MARKETING_VERSION = 1.0;
				PRODUCT_BUNDLE_IDENTIFIER = XLRA.TickTackToeTests;
				PRODUCT_NAME = "$(TARGET_NAME)";
				SWIFT_EMIT_LOC_STRINGS = NO;
				SWIFT_VERSION = 5.0;
				TARGETED_DEVICE_FAMILY = "1,2";
				TEST_HOST = "$(BUILT_PRODUCTS_DIR)/TickTackToe.app/$(BUNDLE_EXECUTABLE_FOLDER_PATH)/TickTackToe";
			};
			name = Release;
		};
		9185EFFE29725EA800CED8BC /* Debug */ = {
			isa = XCBuildConfiguration;
			buildSettings = {
				ALWAYS_EMBED_SWIFT_STANDARD_LIBRARIES = YES;
				CODE_SIGN_STYLE = Automatic;
				CURRENT_PROJECT_VERSION = 1;
				DEVELOPMENT_TEAM = ZV2Y3YXT8U;
				GENERATE_INFOPLIST_FILE = YES;
				MARKETING_VERSION = 1.0;
				PRODUCT_BUNDLE_IDENTIFIER = XLRA.TickTackToeUITests;
				PRODUCT_NAME = "$(TARGET_NAME)";
				SWIFT_EMIT_LOC_STRINGS = NO;
				SWIFT_VERSION = 5.0;
				TARGETED_DEVICE_FAMILY = "1,2";
				TEST_TARGET_NAME = TickTackToe;
			};
			name = Debug;
		};
		9185EFFF29725EA800CED8BC /* Release */ = {
			isa = XCBuildConfiguration;
			buildSettings = {
				ALWAYS_EMBED_SWIFT_STANDARD_LIBRARIES = YES;
				CODE_SIGN_STYLE = Automatic;
				CURRENT_PROJECT_VERSION = 1;
				DEVELOPMENT_TEAM = ZV2Y3YXT8U;
				GENERATE_INFOPLIST_FILE = YES;
				MARKETING_VERSION = 1.0;
				PRODUCT_BUNDLE_IDENTIFIER = XLRA.TickTackToeUITests;
				PRODUCT_NAME = "$(TARGET_NAME)";
				SWIFT_EMIT_LOC_STRINGS = NO;
				SWIFT_VERSION = 5.0;
				TARGETED_DEVICE_FAMILY = "1,2";
				TEST_TARGET_NAME = TickTackToe;
			};
			name = Release;
		};
/* End XCBuildConfiguration section */

/* Begin XCConfigurationList section */
		9185EFCE29725EA700CED8BC /* Build configuration list for PBXProject "TickTackToe" */ = {
			isa = XCConfigurationList;
			buildConfigurations = (
				9185EFF529725EA800CED8BC /* Debug */,
				9185EFF629725EA800CED8BC /* Release */,
			);
			defaultConfigurationIsVisible = 0;
			defaultConfigurationName = Release;
		};
		9185EFF729725EA800CED8BC /* Build configuration list for PBXNativeTarget "TickTackToe" */ = {
			isa = XCConfigurationList;
			buildConfigurations = (
				9185EFF829725EA800CED8BC /* Debug */,
				9185EFF929725EA800CED8BC /* Release */,
			);
			defaultConfigurationIsVisible = 0;
			defaultConfigurationName = Release;
		};
		9185EFFA29725EA800CED8BC /* Build configuration list for PBXNativeTarget "TickTackToeTests" */ = {
			isa = XCConfigurationList;
			buildConfigurations = (
				9185EFFB29725EA800CED8BC /* Debug */,
				9185EFFC29725EA800CED8BC /* Release */,
			);
			defaultConfigurationIsVisible = 0;
			defaultConfigurationName = Release;
		};
		9185EFFD29725EA800CED8BC /* Build configuration list for PBXNativeTarget "TickTackToeUITests" */ = {
			isa = XCConfigurationList;
			buildConfigurations = (
				9185EFFE29725EA800CED8BC /* Debug */,
				9185EFFF29725EA800CED8BC /* Release */,
			);
			defaultConfigurationIsVisible = 0;
			defaultConfigurationName = Release;
		};
/* End XCConfigurationList section */
	};
	rootObject = 9185EFCB29725EA700CED8BC /* Project object */;
}
